
Microsoft Visual Studio Solution File, Format Version 12.00
# Visual Studio Version 17
VisualStudioVersion = 17.0.31903.59
MinimumVisualStudioVersion = 10.0.40219.1
Project("{FAE04EC0-301F-11D3-BF4B-00C04F79EFBC}") = "MauricioGym", "MauricioGym\MauricioGym.csproj", "{B3E0AD6D-23AA-44BD-AB25-AF51F4D10AB3}"
EndProject
Project("{FAE04EC0-301F-11D3-BF4B-00C04F79EFBC}") = "MauricioGym.Api", "MauricioGym.Api\MauricioGym.Api.csproj", "{093C2367-D27F-48C6-85A0-3FBC5DCAFD3A}"
EndProject
Project("{FAE04EC0-301F-11D3-BF4B-00C04F79EFBC}") = "MauricioGym.Testes", "MauricioGym.Testes\MauricioGym.Testes.csproj", "{5369D04B-8A3A-4CE5-906C-CB90D0AE2FC2}"
EndProject
Global
	GlobalSection(SolutionConfigurationPlatforms) = preSolution
		Debug|Any CPU = Debug|Any CPU
		Release|Any CPU = Release|Any CPU
	EndGlobalSection
	GlobalSection(SolutionProperties) = preSolution
		HideSolutionNode = FALSE
	EndGlobalSection
	GlobalSection(ProjectConfigurationPlatforms) = postSolution
		{B3E0AD6D-23AA-44BD-AB25-AF51F4D10AB3}.Debug|Any CPU.ActiveCfg = Debug|Any CPU
		{B3E0AD6D-23AA-44BD-AB25-AF51F4D10AB3}.Debug|Any CPU.Build.0 = Debug|Any CPU
		{B3E0AD6D-23AA-44BD-AB25-AF51F4D10AB3}.Release|Any CPU.ActiveCfg = Release|Any CPU
		{B3E0AD6D-23AA-44BD-AB25-AF51F4D10AB3}.Release|Any CPU.Build.0 = Release|Any CPU
		{093C2367-D27F-48C6-85A0-3FBC5DCAFD3A}.Debug|Any CPU.ActiveCfg = Debug|Any CPU
		{093C2367-D27F-48C6-85A0-3FBC5DCAFD3A}.Debug|Any CPU.Build.0 = Debug|Any CPU
		{093C2367-D27F-48C6-85A0-3FBC5DCAFD3A}.Release|Any CPU.ActiveCfg = Release|Any CPU
		{093C2367-D27F-48C6-85A0-3FBC5DCAFD3A}.Release|Any CPU.Build.0 = Release|Any CPU
		{5369D04B-8A3A-4CE5-906C-CB90D0AE2FC2}.Debug|Any CPU.ActiveCfg = Debug|Any CPU
		{5369D04B-8A3A-4CE5-906C-CB90D0AE2FC2}.Debug|Any CPU.Build.0 = Debug|Any CPU
		{5369D04B-8A3A-4CE5-906C-CB90D0AE2FC2}.Release|Any CPU.ActiveCfg = Release|Any CPU
		{5369D04B-8A3A-4CE5-906C-CB90D0AE2FC2}.Release|Any CPU.Build.0 = Release|Any CPU
	EndGlobalSection
EndGlobal
